
Microsoft Visual Studio Solution File, Format Version 12.00
# Visual Studio Version 17
VisualStudioVersion = 17.8.34330.188
MinimumVisualStudioVersion = 10.0.40219.1
Project("{8BC9CEB8-8B4A-11D0-8D11-00A0C91BC942}") = "reference", "reference\reference.vcxproj", "{11E25369-2AB7-4599-9E6A-06F08AA256C7}"
EndProject
Project("{8BC9CEB8-8B4A-11D0-8D11-00A0C91BC942}") = "reference2", "reference2\reference2.vcxproj", "{888463F8-1023-479A-8A68-879EC3C12E44}"
EndProject
Project("{8BC9CEB8-8B4A-11D0-8D11-00A0C91BC942}") = "11", "11\11.vcxproj", "{48CC5597-29FC-4F7A-A9DF-25F123AD461B}"
EndProject
Project("{8BC9CEB8-8B4A-11D0-8D11-00A0C91BC942}") = "111", "111\111.vcxproj", "{14B81421-6847-4C56-BE63-4C2BA08AA73A}"
EndProject
Project("{8BC9CEB8-8B4A-11D0-8D11-00A0C91BC942}") = "222", "222\222.vcxproj", "{4B5CAF2F-9805-4AB6-AD34-C3C0AB30902C}"
EndProject
Project("{8BC9CEB8-8B4A-11D0-8D11-00A0C91BC942}") = "3", "3\3.vcxproj", "{0A93F889-6D50-4FC0-BD03-E7992C499C49}"
EndProject
Project("{8BC9CEB8-8B4A-11D0-8D11-00A0C91BC942}") = "4", "4\4.vcxproj", "{52E4B84E-7824-4AE6-B4E6-F76508E667BF}"
EndProject
Project("{8BC9CEB8-8B4A-11D0-8D11-00A0C91BC942}") = "5", "5\5.vcxproj", "{4A0D7FF0-8494-4B15-8AF0-1FCAAE0226EF}"
EndProject
Project("{8BC9CEB8-8B4A-11D0-8D11-00A0C91BC942}") = "6", "6\6.vcxproj", "{6457397D-0633-4764-AAFD-6C1A01AF7B59}"
EndProject
Project("{8BC9CEB8-8B4A-11D0-8D11-00A0C91BC942}") = "6-2", "6-2\6-2.vcxproj", "{3C6EF6CE-A8A9-4919-BE19-A8D235A70F7A}"
EndProject
Project("{8BC9CEB8-8B4A-11D0-8D11-00A0C91BC942}") = "6-3", "6-3\6-3.vcxproj", "{A8EADA20-82C9-4C77-84D3-C63E61B59D79}"
EndProject
Global
	GlobalSection(SolutionConfigurationPlatforms) = preSolution
		Debug|x64 = Debug|x64
		Debug|x86 = Debug|x86
		Release|x64 = Release|x64
		Release|x86 = Release|x86
	EndGlobalSection
	GlobalSection(ProjectConfigurationPlatforms) = postSolution
		{11E25369-2AB7-4599-9E6A-06F08AA256C7}.Debug|x64.ActiveCfg = Debug|x64
		{11E25369-2AB7-4599-9E6A-06F08AA256C7}.Debug|x64.Build.0 = Debug|x64
		{11E25369-2AB7-4599-9E6A-06F08AA256C7}.Debug|x86.ActiveCfg = Debug|Win32
		{11E25369-2AB7-4599-9E6A-06F08AA256C7}.Debug|x86.Build.0 = Debug|Win32
		{11E25369-2AB7-4599-9E6A-06F08AA256C7}.Release|x64.ActiveCfg = Release|x64
		{11E25369-2AB7-4599-9E6A-06F08AA256C7}.Release|x64.Build.0 = Release|x64
		{11E25369-2AB7-4599-9E6A-06F08AA256C7}.Release|x86.ActiveCfg = Release|Win32
		{11E25369-2AB7-4599-9E6A-06F08AA256C7}.Release|x86.Build.0 = Release|Win32
		{888463F8-1023-479A-8A68-879EC3C12E44}.Debug|x64.ActiveCfg = Debug|x64
		{888463F8-1023-479A-8A68-879EC3C12E44}.Debug|x64.Build.0 = Debug|x64
		{888463F8-1023-479A-8A68-879EC3C12E44}.Debug|x86.ActiveCfg = Debug|Win32
		{888463F8-1023-479A-8A68-879EC3C12E44}.Debug|x86.Build.0 = Debug|Win32
		{888463F8-1023-479A-8A68-879EC3C12E44}.Release|x64.ActiveCfg = Release|x64
		{888463F8-1023-479A-8A68-879EC3C12E44}.Release|x64.Build.0 = Release|x64
		{888463F8-1023-479A-8A68-879EC3C12E44}.Release|x86.ActiveCfg = Release|Win32
		{888463F8-1023-479A-8A68-879EC3C12E44}.Release|x86.Build.0 = Release|Win32
		{48CC5597-29FC-4F7A-A9DF-25F123AD461B}.Debug|x64.ActiveCfg = Debug|x64
		{48CC5597-29FC-4F7A-A9DF-25F123AD461B}.Debug|x64.Build.0 = Debug|x64
		{48CC5597-29FC-4F7A-A9DF-25F123AD461B}.Debug|x86.ActiveCfg = Debug|Win32
		{48CC5597-29FC-4F7A-A9DF-25F123AD461B}.Debug|x86.Build.0 = Debug|Win32
		{48CC5597-29FC-4F7A-A9DF-25F123AD461B}.Release|x64.ActiveCfg = Release|x64
		{48CC5597-29FC-4F7A-A9DF-25F123AD461B}.Release|x64.Build.0 = Release|x64
		{48CC5597-29FC-4F7A-A9DF-25F123AD461B}.Release|x86.ActiveCfg = Release|Win32
		{48CC5597-29FC-4F7A-A9DF-25F123AD461B}.Release|x86.Build.0 = Release|Win32
		{14B81421-6847-4C56-BE63-4C2BA08AA73A}.Debug|x64.ActiveCfg = Debug|x64
		{14B81421-6847-4C56-BE63-4C2BA08AA73A}.Debug|x64.Build.0 = Debug|x64
		{14B81421-6847-4C56-BE63-4C2BA08AA73A}.Debug|x86.ActiveCfg = Debug|Win32
		{14B81421-6847-4C56-BE63-4C2BA08AA73A}.Debug|x86.Build.0 = Debug|Win32
		{14B81421-6847-4C56-BE63-4C2BA08AA73A}.Release|x64.ActiveCfg = Release|x64
		{14B81421-6847-4C56-BE63-4C2BA08AA73A}.Release|x64.Build.0 = Release|x64
		{14B81421-6847-4C56-BE63-4C2BA08AA73A}.Release|x86.ActiveCfg = Release|Win32
		{14B81421-6847-4C56-BE63-4C2BA08AA73A}.Release|x86.Build.0 = Release|Win32
		{4B5CAF2F-9805-4AB6-AD34-C3C0AB30902C}.Debug|x64.ActiveCfg = Debug|x64
		{4B5CAF2F-9805-4AB6-AD34-C3C0AB30902C}.Debug|x64.Build.0 = Debug|x64
		{4B5CAF2F-9805-4AB6-AD34-C3C0AB30902C}.Debug|x86.ActiveCfg = Debug|Win32
		{4B5CAF2F-9805-4AB6-AD34-C3C0AB30902C}.Debug|x86.Build.0 = Debug|Win32
		{4B5CAF2F-9805-4AB6-AD34-C3C0AB30902C}.Release|x64.ActiveCfg = Release|x64
		{4B5CAF2F-9805-4AB6-AD34-C3C0AB30902C}.Release|x64.Build.0 = Release|x64
		{4B5CAF2F-9805-4AB6-AD34-C3C0AB30902C}.Release|x86.ActiveCfg = Release|Win32
		{4B5CAF2F-9805-4AB6-AD34-C3C0AB30902C}.Release|x86.Build.0 = Release|Win32
		{0A93F889-6D50-4FC0-BD03-E7992C499C49}.Debug|x64.ActiveCfg = Debug|x64
		{0A93F889-6D50-4FC0-BD03-E7992C499C49}.Debug|x64.Build.0 = Debug|x64
		{0A93F889-6D50-4FC0-BD03-E7992C499C49}.Debug|x86.ActiveCfg = Debug|Win32
		{0A93F889-6D50-4FC0-BD03-E7992C499C49}.Debug|x86.Build.0 = Debug|Win32
		{0A93F889-6D50-4FC0-BD03-E7992C499C49}.Release|x64.ActiveCfg = Release|x64
		{0A93F889-6D50-4FC0-BD03-E7992C499C49}.Release|x64.Build.0 = Release|x64
		{0A93F889-6D50-4FC0-BD03-E7992C499C49}.Release|x86.ActiveCfg = Release|Win32
		{0A93F889-6D50-4FC0-BD03-E7992C499C49}.Release|x86.Build.0 = Release|Win32
		{52E4B84E-7824-4AE6-B4E6-F76508E667BF}.Debug|x64.ActiveCfg = Debug|x64
		{52E4B84E-7824-4AE6-B4E6-F76508E667BF}.Debug|x64.Build.0 = Debug|x64
		{52E4B84E-7824-4AE6-B4E6-F76508E667BF}.Debug|x86.ActiveCfg = Debug|Win32
		{52E4B84E-7824-4AE6-B4E6-F76508E667BF}.Debug|x86.Build.0 = Debug|Win32
		{52E4B84E-7824-4AE6-B4E6-F76508E667BF}.Release|x64.ActiveCfg = Release|x64
		{52E4B84E-7824-4AE6-B4E6-F76508E667BF}.Release|x64.Build.0 = Release|x64
		{52E4B84E-7824-4AE6-B4E6-F76508E667BF}.Release|x86.ActiveCfg = Release|Win32
		{52E4B84E-7824-4AE6-B4E6-F76508E667BF}.Release|x86.Build.0 = Release|Win32
		{4A0D7FF0-8494-4B15-8AF0-1FCAAE0226EF}.Debug|x64.ActiveCfg = Debug|x64
		{4A0D7FF0-8494-4B15-8AF0-1FCAAE0226EF}.Debug|x64.Build.0 = Debug|x64
		{4A0D7FF0-8494-4B15-8AF0-1FCAAE0226EF}.Debug|x86.ActiveCfg = Debug|Win32
		{4A0D7FF0-8494-4B15-8AF0-1FCAAE0226EF}.Debug|x86.Build.0 = Debug|Win32
		{4A0D7FF0-8494-4B15-8AF0-1FCAAE0226EF}.Release|x64.ActiveCfg = Release|x64
		{4A0D7FF0-8494-4B15-8AF0-1FCAAE0226EF}.Release|x64.Build.0 = Release|x64
		{4A0D7FF0-8494-4B15-8AF0-1FCAAE0226EF}.Release|x86.ActiveCfg = Release|Win32
		{4A0D7FF0-8494-4B15-8AF0-1FCAAE0226EF}.Release|x86.Build.0 = Release|Win32
		{6457397D-0633-4764-AAFD-6C1A01AF7B59}.Debug|x64.ActiveCfg = Debug|x64
		{6457397D-0633-4764-AAFD-6C1A01AF7B59}.Debug|x64.Build.0 = Debug|x64
		{6457397D-0633-4764-AAFD-6C1A01AF7B59}.Debug|x86.ActiveCfg = Debug|Win32
		{6457397D-0633-4764-AAFD-6C1A01AF7B59}.Debug|x86.Build.0 = Debug|Win32
		{6457397D-0633-4764-AAFD-6C1A01AF7B59}.Release|x64.ActiveCfg = Release|x64
		{6457397D-0633-4764-AAFD-6C1A01AF7B59}.Release|x64.Build.0 = Release|x64
		{6457397D-0633-4764-AAFD-6C1A01AF7B59}.Release|x86.ActiveCfg = Release|Win32
		{6457397D-0633-4764-AAFD-6C1A01AF7B59}.Release|x86.Build.0 = Release|Win32
		{3C6EF6CE-A8A9-4919-BE19-A8D235A70F7A}.Debug|x64.ActiveCfg = Debug|x64
		{3C6EF6CE-A8A9-4919-BE19-A8D235A70F7A}.Debug|x64.Build.0 = Debug|x64
		{3C6EF6CE-A8A9-4919-BE19-A8D235A70F7A}.Debug|x86.ActiveCfg = Debug|Win32
		{3C6EF6CE-A8A9-4919-BE19-A8D235A70F7A}.Debug|x86.Build.0 = Debug|Win32
		{3C6EF6CE-A8A9-4919-BE19-A8D235A70F7A}.Release|x64.ActiveCfg = Release|x64
		{3C6EF6CE-A8A9-4919-BE19-A8D235A70F7A}.Release|x64.Build.0 = Release|x64
		{3C6EF6CE-A8A9-4919-BE19-A8D235A70F7A}.Release|x86.ActiveCfg = Release|Win32
		{3C6EF6CE-A8A9-4919-BE19-A8D235A70F7A}.Release|x86.Build.0 = Release|Win32
		{A8EADA20-82C9-4C77-84D3-C63E61B59D79}.Debug|x64.ActiveCfg = Debug|x64
		{A8EADA20-82C9-4C77-84D3-C63E61B59D79}.Debug|x64.Build.0 = Debug|x64
		{A8EADA20-82C9-4C77-84D3-C63E61B59D79}.Debug|x86.ActiveCfg = Debug|Win32
		{A8EADA20-82C9-4C77-84D3-C63E61B59D79}.Debug|x86.Build.0 = Debug|Win32
		{A8EADA20-82C9-4C77-84D3-C63E61B59D79}.Release|x64.ActiveCfg = Release|x64
		{A8EADA20-82C9-4C77-84D3-C63E61B59D79}.Release|x64.Build.0 = Release|x64
		{A8EADA20-82C9-4C77-84D3-C63E61B59D79}.Release|x86.ActiveCfg = Release|Win32
		{A8EADA20-82C9-4C77-84D3-C63E61B59D79}.Release|x86.Build.0 = Release|Win32
	EndGlobalSection
	GlobalSection(SolutionProperties) = preSolution
		HideSolutionNode = FALSE
	EndGlobalSection
	GlobalSection(ExtensibilityGlobals) = postSolution
		SolutionGuid = {6B1C4E39-B5E6-4AFD-9F25-E2B988803DCD}
	EndGlobalSection
EndGlobal
