
Microsoft Visual Studio Solution File, Format Version 12.00
# Visual Studio Version 17
VisualStudioVersion = 17.8.34330.188
MinimumVisualStudioVersion = 10.0.40219.1
Project("{8BC9CEB8-8B4A-11D0-8D11-00A0C91BC942}") = "1", "1\1.vcxproj", "{00E0B4EF-1E28-440D-9258-45DF9A9E70DC}"
EndProject
Project("{8BC9CEB8-8B4A-11D0-8D11-00A0C91BC942}") = "Project1", "Project1\Project1.vcxproj", "{59926713-AE4F-4906-82C0-8E89EDA7568C}"
EndProject
Project("{8BC9CEB8-8B4A-11D0-8D11-00A0C91BC942}") = "3_test", "3_test\3_test.vcxproj", "{8AD058DB-E1FB-4430-BF28-109BFBB5EBB2}"
EndProject
Project("{8BC9CEB8-8B4A-11D0-8D11-00A0C91BC942}") = "3_test-2", "3_test-2\3_test-2.vcxproj", "{633F8C7E-BF9E-47CB-ACB5-AA8F39652CB9}"
EndProject
Project("{8BC9CEB8-8B4A-11D0-8D11-00A0C91BC942}") = "3_test-3", "3_test-3\3_test-3.vcxproj", "{25D06C7D-8590-4AB7-A3E0-5BAF7DAB3512}"
EndProject
Project("{8BC9CEB8-8B4A-11D0-8D11-00A0C91BC942}") = "string", "string\string.vcxproj", "{7B8481F7-F9EF-4282-AED7-9D126D5003AC}"
EndProject
Project("{8BC9CEB8-8B4A-11D0-8D11-00A0C91BC942}") = "dbugex", "dbugex\dbugex.vcxproj", "{73C19D73-91F2-4EFF-948A-1BC8D1D2DBF4}"
EndProject
Project("{8BC9CEB8-8B4A-11D0-8D11-00A0C91BC942}") = "8", "8\8.vcxproj", "{66D537EE-CEB0-48B0-B2D0-E1CE45A74012}"
EndProject
Project("{8BC9CEB8-8B4A-11D0-8D11-00A0C91BC942}") = "sil_1", "sil_1\sil_1.vcxproj", "{EA03CC45-C6AB-4440-83C9-5179EE793656}"
EndProject
Project("{8BC9CEB8-8B4A-11D0-8D11-00A0C91BC942}") = "sil5", "sil5\sil5.vcxproj", "{1BB75B59-7E45-4628-AE65-474A089F3FEC}"
EndProject
Project("{8BC9CEB8-8B4A-11D0-8D11-00A0C91BC942}") = "5", "5\5.vcxproj", "{6C6E2971-414A-49AC-9F2B-552D192D0379}"
EndProject
Global
	GlobalSection(SolutionConfigurationPlatforms) = preSolution
		Debug|x64 = Debug|x64
		Debug|x86 = Debug|x86
		Release|x64 = Release|x64
		Release|x86 = Release|x86
	EndGlobalSection
	GlobalSection(ProjectConfigurationPlatforms) = postSolution
		{00E0B4EF-1E28-440D-9258-45DF9A9E70DC}.Debug|x64.ActiveCfg = Debug|x64
		{00E0B4EF-1E28-440D-9258-45DF9A9E70DC}.Debug|x64.Build.0 = Debug|x64
		{00E0B4EF-1E28-440D-9258-45DF9A9E70DC}.Debug|x86.ActiveCfg = Debug|Win32
		{00E0B4EF-1E28-440D-9258-45DF9A9E70DC}.Debug|x86.Build.0 = Debug|Win32
		{00E0B4EF-1E28-440D-9258-45DF9A9E70DC}.Release|x64.ActiveCfg = Release|x64
		{00E0B4EF-1E28-440D-9258-45DF9A9E70DC}.Release|x64.Build.0 = Release|x64
		{00E0B4EF-1E28-440D-9258-45DF9A9E70DC}.Release|x86.ActiveCfg = Release|Win32
		{00E0B4EF-1E28-440D-9258-45DF9A9E70DC}.Release|x86.Build.0 = Release|Win32
		{59926713-AE4F-4906-82C0-8E89EDA7568C}.Debug|x64.ActiveCfg = Debug|x64
		{59926713-AE4F-4906-82C0-8E89EDA7568C}.Debug|x64.Build.0 = Debug|x64
		{59926713-AE4F-4906-82C0-8E89EDA7568C}.Debug|x86.ActiveCfg = Debug|Win32
		{59926713-AE4F-4906-82C0-8E89EDA7568C}.Debug|x86.Build.0 = Debug|Win32
		{59926713-AE4F-4906-82C0-8E89EDA7568C}.Release|x64.ActiveCfg = Release|x64
		{59926713-AE4F-4906-82C0-8E89EDA7568C}.Release|x64.Build.0 = Release|x64
		{59926713-AE4F-4906-82C0-8E89EDA7568C}.Release|x86.ActiveCfg = Release|Win32
		{59926713-AE4F-4906-82C0-8E89EDA7568C}.Release|x86.Build.0 = Release|Win32
		{8AD058DB-E1FB-4430-BF28-109BFBB5EBB2}.Debug|x64.ActiveCfg = Debug|x64
		{8AD058DB-E1FB-4430-BF28-109BFBB5EBB2}.Debug|x64.Build.0 = Debug|x64
		{8AD058DB-E1FB-4430-BF28-109BFBB5EBB2}.Debug|x86.ActiveCfg = Debug|Win32
		{8AD058DB-E1FB-4430-BF28-109BFBB5EBB2}.Debug|x86.Build.0 = Debug|Win32
		{8AD058DB-E1FB-4430-BF28-109BFBB5EBB2}.Release|x64.ActiveCfg = Release|x64
		{8AD058DB-E1FB-4430-BF28-109BFBB5EBB2}.Release|x64.Build.0 = Release|x64
		{8AD058DB-E1FB-4430-BF28-109BFBB5EBB2}.Release|x86.ActiveCfg = Release|Win32
		{8AD058DB-E1FB-4430-BF28-109BFBB5EBB2}.Release|x86.Build.0 = Release|Win32
		{633F8C7E-BF9E-47CB-ACB5-AA8F39652CB9}.Debug|x64.ActiveCfg = Debug|x64
		{633F8C7E-BF9E-47CB-ACB5-AA8F39652CB9}.Debug|x64.Build.0 = Debug|x64
		{633F8C7E-BF9E-47CB-ACB5-AA8F39652CB9}.Debug|x86.ActiveCfg = Debug|Win32
		{633F8C7E-BF9E-47CB-ACB5-AA8F39652CB9}.Debug|x86.Build.0 = Debug|Win32
		{633F8C7E-BF9E-47CB-ACB5-AA8F39652CB9}.Release|x64.ActiveCfg = Release|x64
		{633F8C7E-BF9E-47CB-ACB5-AA8F39652CB9}.Release|x64.Build.0 = Release|x64
		{633F8C7E-BF9E-47CB-ACB5-AA8F39652CB9}.Release|x86.ActiveCfg = Release|Win32
		{633F8C7E-BF9E-47CB-ACB5-AA8F39652CB9}.Release|x86.Build.0 = Release|Win32
		{25D06C7D-8590-4AB7-A3E0-5BAF7DAB3512}.Debug|x64.ActiveCfg = Debug|x64
		{25D06C7D-8590-4AB7-A3E0-5BAF7DAB3512}.Debug|x64.Build.0 = Debug|x64
		{25D06C7D-8590-4AB7-A3E0-5BAF7DAB3512}.Debug|x86.ActiveCfg = Debug|Win32
		{25D06C7D-8590-4AB7-A3E0-5BAF7DAB3512}.Debug|x86.Build.0 = Debug|Win32
		{25D06C7D-8590-4AB7-A3E0-5BAF7DAB3512}.Release|x64.ActiveCfg = Release|x64
		{25D06C7D-8590-4AB7-A3E0-5BAF7DAB3512}.Release|x64.Build.0 = Release|x64
		{25D06C7D-8590-4AB7-A3E0-5BAF7DAB3512}.Release|x86.ActiveCfg = Release|Win32
		{25D06C7D-8590-4AB7-A3E0-5BAF7DAB3512}.Release|x86.Build.0 = Release|Win32
		{7B8481F7-F9EF-4282-AED7-9D126D5003AC}.Debug|x64.ActiveCfg = Debug|x64
		{7B8481F7-F9EF-4282-AED7-9D126D5003AC}.Debug|x64.Build.0 = Debug|x64
		{7B8481F7-F9EF-4282-AED7-9D126D5003AC}.Debug|x86.ActiveCfg = Debug|Win32
		{7B8481F7-F9EF-4282-AED7-9D126D5003AC}.Debug|x86.Build.0 = Debug|Win32
		{7B8481F7-F9EF-4282-AED7-9D126D5003AC}.Release|x64.ActiveCfg = Release|x64
		{7B8481F7-F9EF-4282-AED7-9D126D5003AC}.Release|x64.Build.0 = Release|x64
		{7B8481F7-F9EF-4282-AED7-9D126D5003AC}.Release|x86.ActiveCfg = Release|Win32
		{7B8481F7-F9EF-4282-AED7-9D126D5003AC}.Release|x86.Build.0 = Release|Win32
		{73C19D73-91F2-4EFF-948A-1BC8D1D2DBF4}.Debug|x64.ActiveCfg = Debug|x64
		{73C19D73-91F2-4EFF-948A-1BC8D1D2DBF4}.Debug|x64.Build.0 = Debug|x64
		{73C19D73-91F2-4EFF-948A-1BC8D1D2DBF4}.Debug|x86.ActiveCfg = Debug|Win32
		{73C19D73-91F2-4EFF-948A-1BC8D1D2DBF4}.Debug|x86.Build.0 = Debug|Win32
		{73C19D73-91F2-4EFF-948A-1BC8D1D2DBF4}.Release|x64.ActiveCfg = Release|x64
		{73C19D73-91F2-4EFF-948A-1BC8D1D2DBF4}.Release|x64.Build.0 = Release|x64
		{73C19D73-91F2-4EFF-948A-1BC8D1D2DBF4}.Release|x86.ActiveCfg = Release|Win32
		{73C19D73-91F2-4EFF-948A-1BC8D1D2DBF4}.Release|x86.Build.0 = Release|Win32
		{66D537EE-CEB0-48B0-B2D0-E1CE45A74012}.Debug|x64.ActiveCfg = Debug|x64
		{66D537EE-CEB0-48B0-B2D0-E1CE45A74012}.Debug|x64.Build.0 = Debug|x64
		{66D537EE-CEB0-48B0-B2D0-E1CE45A74012}.Debug|x86.ActiveCfg = Debug|Win32
		{66D537EE-CEB0-48B0-B2D0-E1CE45A74012}.Debug|x86.Build.0 = Debug|Win32
		{66D537EE-CEB0-48B0-B2D0-E1CE45A74012}.Release|x64.ActiveCfg = Release|x64
		{66D537EE-CEB0-48B0-B2D0-E1CE45A74012}.Release|x64.Build.0 = Release|x64
		{66D537EE-CEB0-48B0-B2D0-E1CE45A74012}.Release|x86.ActiveCfg = Release|Win32
		{66D537EE-CEB0-48B0-B2D0-E1CE45A74012}.Release|x86.Build.0 = Release|Win32
		{EA03CC45-C6AB-4440-83C9-5179EE793656}.Debug|x64.ActiveCfg = Debug|x64
		{EA03CC45-C6AB-4440-83C9-5179EE793656}.Debug|x64.Build.0 = Debug|x64
		{EA03CC45-C6AB-4440-83C9-5179EE793656}.Debug|x86.ActiveCfg = Debug|Win32
		{EA03CC45-C6AB-4440-83C9-5179EE793656}.Debug|x86.Build.0 = Debug|Win32
		{EA03CC45-C6AB-4440-83C9-5179EE793656}.Release|x64.ActiveCfg = Release|x64
		{EA03CC45-C6AB-4440-83C9-5179EE793656}.Release|x64.Build.0 = Release|x64
		{EA03CC45-C6AB-4440-83C9-5179EE793656}.Release|x86.ActiveCfg = Release|Win32
		{EA03CC45-C6AB-4440-83C9-5179EE793656}.Release|x86.Build.0 = Release|Win32
		{1BB75B59-7E45-4628-AE65-474A089F3FEC}.Debug|x64.ActiveCfg = Debug|x64
		{1BB75B59-7E45-4628-AE65-474A089F3FEC}.Debug|x64.Build.0 = Debug|x64
		{1BB75B59-7E45-4628-AE65-474A089F3FEC}.Debug|x86.ActiveCfg = Debug|Win32
		{1BB75B59-7E45-4628-AE65-474A089F3FEC}.Debug|x86.Build.0 = Debug|Win32
		{1BB75B59-7E45-4628-AE65-474A089F3FEC}.Release|x64.ActiveCfg = Release|x64
		{1BB75B59-7E45-4628-AE65-474A089F3FEC}.Release|x64.Build.0 = Release|x64
		{1BB75B59-7E45-4628-AE65-474A089F3FEC}.Release|x86.ActiveCfg = Release|Win32
		{1BB75B59-7E45-4628-AE65-474A089F3FEC}.Release|x86.Build.0 = Release|Win32
		{6C6E2971-414A-49AC-9F2B-552D192D0379}.Debug|x64.ActiveCfg = Debug|x64
		{6C6E2971-414A-49AC-9F2B-552D192D0379}.Debug|x64.Build.0 = Debug|x64
		{6C6E2971-414A-49AC-9F2B-552D192D0379}.Debug|x86.ActiveCfg = Debug|Win32
		{6C6E2971-414A-49AC-9F2B-552D192D0379}.Debug|x86.Build.0 = Debug|Win32
		{6C6E2971-414A-49AC-9F2B-552D192D0379}.Release|x64.ActiveCfg = Release|x64
		{6C6E2971-414A-49AC-9F2B-552D192D0379}.Release|x64.Build.0 = Release|x64
		{6C6E2971-414A-49AC-9F2B-552D192D0379}.Release|x86.ActiveCfg = Release|Win32
		{6C6E2971-414A-49AC-9F2B-552D192D0379}.Release|x86.Build.0 = Release|Win32
	EndGlobalSection
	GlobalSection(SolutionProperties) = preSolution
		HideSolutionNode = FALSE
	EndGlobalSection
	GlobalSection(ExtensibilityGlobals) = postSolution
		SolutionGuid = {4D88965A-34BD-42C1-A572-3A1A7D40C0B2}
	EndGlobalSection
EndGlobal
